// !$*UTF8*$!
{
	archiveVersion = 1;
	classes = {
	};
	objectVersion = 46;
	objects = {

/* Begin PBXBuildFile section */
		0D6B063B1E53F5D200D295B9 /* main.m in Sources */ = {isa = PBXBuildFile; fileRef = 0D6B063A1E53F5D200D295B9 /* main.m */; };
		0D6B063E1E53F5D200D295B9 /* AppDelegate.m in Sources */ = {isa = PBXBuildFile; fileRef = 0D6B063D1E53F5D200D295B9 /* AppDelegate.m */; };
		0D6B06411E53F5D200D295B9 /* ViewController.m in Sources */ = {isa = PBXBuildFile; fileRef = 0D6B06401E53F5D200D295B9 /* ViewController.m */; };
		0D6B06441E53F5D200D295B9 /* Main.storyboard in Resources */ = {isa = PBXBuildFile; fileRef = 0D6B06421E53F5D200D295B9 /* Main.storyboard */; };
		0D6B06461E53F5D200D295B9 /* Assets.xcassets in Resources */ = {isa = PBXBuildFile; fileRef = 0D6B06451E53F5D200D295B9 /* Assets.xcassets */; };
		0D6B06491E53F5D200D295B9 /* LaunchScreen.storyboard in Resources */ = {isa = PBXBuildFile; fileRef = 0D6B06471E53F5D200D295B9 /* LaunchScreen.storyboard */; };
		0D6B06531E53F7E500D295B9 /* LYSCountdown.m in Sources */ = {isa = PBXBuildFile; fileRef = 0D6B06521E53F7E500D295B9 /* LYSCountdown.m */; };
		0D7CF4F11E54505200C1E006 /* FirstViewController.m in Sources */ = {isa = PBXBuildFile; fileRef = 0D7CF4F01E54505200C1E006 /* FirstViewController.m */; };
/* End PBXBuildFile section */

/* Begin PBXFileReference section */
		0D6B06361E53F5D200D295B9 /* LYSCountdown.app */ = {isa = PBXFileReference; explicitFileType = wrapper.application; includeInIndex = 0; path = LYSCountdown.app; sourceTree = BUILT_PRODUCTS_DIR; };
		0D6B063A1E53F5D200D295B9 /* main.m */ = {isa = PBXFileReference; lastKnownFileType = sourcecode.c.objc; path = main.m; sourceTree = "<group>"; };
		0D6B063C1E53F5D200D295B9 /* AppDelegate.h */ = {isa = PBXFileReference; lastKnownFileType = sourcecode.c.h; path = AppDelegate.h; sourceTree = "<group>"; };
		0D6B063D1E53F5D200D295B9 /* AppDelegate.m */ = {isa = PBXFileReference; lastKnownFileType = sourcecode.c.objc; path = AppDelegate.m; sourceTree = "<group>"; };
		0D6B063F1E53F5D200D295B9 /* ViewController.h */ = {isa = PBXFileReference; lastKnownFileType = sourcecode.c.h; path = ViewController.h; sourceTree = "<group>"; };
		0D6B06401E53F5D200D295B9 /* ViewController.m */ = {isa = PBXFileReference; lastKnownFileType = sourcecode.c.objc; path = ViewController.m; sourceTree = "<group>"; };
		0D6B06431E53F5D200D295B9 /* Base */ = {isa = PBXFileReference; lastKnownFileType = file.storyboard; name = Base; path = Base.lproj/Main.storyboard; sourceTree = "<group>"; };
		0D6B06451E53F5D200D295B9 /* Assets.xcassets */ = {isa = PBXFileReference; lastKnownFileType = folder.assetcatalog; path = Assets.xcassets; sourceTree = "<group>"; };
		0D6B06481E53F5D200D295B9 /* Base */ = {isa = PBXFileReference; lastKnownFileType = file.storyboard; name = Base; path = Base.lproj/LaunchScreen.storyboard; sourceTree = "<group>"; };
		0D6B064A1E53F5D200D295B9 /* Info.plist */ = {isa = PBXFileReference; lastKnownFileType = text.plist.xml; path = Info.plist; sourceTree = "<group>"; };
		0D6B06511E53F7E500D295B9 /* LYSCountdown.h */ = {isa = PBXFileReference; fileEncoding = 4; lastKnownFileType = sourcecode.c.h; path = LYSCountdown.h; sourceTree = "<group>"; };
		0D6B06521E53F7E500D295B9 /* LYSCountdown.m */ = {isa = PBXFileReference; fileEncoding = 4; lastKnownFileType = sourcecode.c.objc; path = LYSCountdown.m; sourceTree = "<group>"; };
		0D7CF4EF1E54505200C1E006 /* FirstViewController.h */ = {isa = PBXFileReference; fileEncoding = 4; lastKnownFileType = sourcecode.c.h; path = FirstViewController.h; sourceTree = "<group>"; };
		0D7CF4F01E54505200C1E006 /* FirstViewController.m */ = {isa = PBXFileReference; fileEncoding = 4; lastKnownFileType = sourcecode.c.objc; path = FirstViewController.m; sourceTree = "<group>"; };
/* End PBXFileReference section */

/* Begin PBXFrameworksBuildPhase section */
		0D6B06331E53F5D200D295B9 /* Frameworks */ = {
			isa = PBXFrameworksBuildPhase;
			buildActionMask = 2147483647;
			files = (
			);
			runOnlyForDeploymentPostprocessing = 0;
		};
/* End PBXFrameworksBuildPhase section */

/* Begin PBXGroup section */
		0D6B062D1E53F5D200D295B9 = {
			isa = PBXGroup;
			children = (
				0D6B06381E53F5D200D295B9 /* LYSCountdown */,
				0D6B06371E53F5D200D295B9 /* Products */,
			);
			sourceTree = "<group>";
		};
		0D6B06371E53F5D200D295B9 /* Products */ = {
			isa = PBXGroup;
			children = (
				0D6B06361E53F5D200D295B9 /* LYSCountdown.app */,
			);
			name = Products;
			sourceTree = "<group>";
		};
		0D6B06381E53F5D200D295B9 /* LYSCountdown */ = {
			isa = PBXGroup;
			children = (
				0D6B06501E53F7CC00D295B9 /* LYSCountdown */,
				0D6B063C1E53F5D200D295B9 /* AppDelegate.h */,
				0D6B063D1E53F5D200D295B9 /* AppDelegate.m */,
				0D6B063F1E53F5D200D295B9 /* ViewController.h */,
				0D6B06401E53F5D200D295B9 /* ViewController.m */,
				0D7CF4EF1E54505200C1E006 /* FirstViewController.h */,
				0D7CF4F01E54505200C1E006 /* FirstViewController.m */,
				0D6B06421E53F5D200D295B9 /* Main.storyboard */,
				0D6B06451E53F5D200D295B9 /* Assets.xcassets */,
				0D6B06471E53F5D200D295B9 /* LaunchScreen.storyboard */,
				0D6B064A1E53F5D200D295B9 /* Info.plist */,
				0D6B06391E53F5D200D295B9 /* Supporting Files */,
			);
			path = LYSCountdown;
			sourceTree = "<group>";
		};
		0D6B06391E53F5D200D295B9 /* Supporting Files */ = {
			isa = PBXGroup;
			children = (
				0D6B063A1E53F5D200D295B9 /* main.m */,
			);
			name = "Supporting Files";
			sourceTree = "<group>";
		};
		0D6B06501E53F7CC00D295B9 /* LYSCountdown */ = {
			isa = PBXGroup;
			children = (
				0D6B06511E53F7E500D295B9 /* LYSCountdown.h */,
				0D6B06521E53F7E500D295B9 /* LYSCountdown.m */,
			);
			name = LYSCountdown;
			path = ../../LYSCountdown;
			sourceTree = "<group>";
		};
/* End PBXGroup section */

/* Begin PBXNativeTarget section */
		0D6B06351E53F5D200D295B9 /* LYSCountdown */ = {
			isa = PBXNativeTarget;
			buildConfigurationList = 0D6B064D1E53F5D200D295B9 /* Build configuration list for PBXNativeTarget "LYSCountdown" */;
			buildPhases = (
				0D6B06321E53F5D200D295B9 /* Sources */,
				0D6B06331E53F5D200D295B9 /* Frameworks */,
				0D6B06341E53F5D200D295B9 /* Resources */,
			);
			buildRules = (
			);
			dependencies = (
			);
			name = LYSCountdown;
			productName = LYSCountdown;
			productReference = 0D6B06361E53F5D200D295B9 /* LYSCountdown.app */;
			productType = "com.apple.product-type.application";
		};
/* End PBXNativeTarget section */

/* Begin PBXProject section */
		0D6B062E1E53F5D200D295B9 /* Project object */ = {
			isa = PBXProject;
			attributes = {
				LastUpgradeCheck = 0820;
				ORGANIZATIONNAME = "刘永生";
				TargetAttributes = {
					0D6B06351E53F5D200D295B9 = {
						CreatedOnToolsVersion = 8.2.1;
						ProvisioningStyle = Automatic;
					};
				};
			};
			buildConfigurationList = 0D6B06311E53F5D200D295B9 /* Build configuration list for PBXProject "LYSCountdown" */;
			compatibilityVersion = "Xcode 3.2";
			developmentRegion = English;
			hasScannedForEncodings = 0;
			knownRegions = (
				en,
				Base,
			);
			mainGroup = 0D6B062D1E53F5D200D295B9;
			productRefGroup = 0D6B06371E53F5D200D295B9 /* Products */;
			projectDirPath = "";
			projectRoot = "";
			targets = (
				0D6B06351E53F5D200D295B9 /* LYSCountdown */,
			);
		};
/* End PBXProject section */

/* Begin PBXResourcesBuildPhase section */
		0D6B06341E53F5D200D295B9 /* Resources */ = {
			isa = PBXResourcesBuildPhase;
			buildActionMask = 2147483647;
			files = (
				0D6B06491E53F5D200D295B9 /* LaunchScreen.storyboard in Resources */,
				0D6B06461E53F5D200D295B9 /* Assets.xcassets in Resources */,
				0D6B06441E53F5D200D295B9 /* Main.storyboard in Resources */,
			);
			runOnlyForDeploymentPostprocessing = 0;
		};
/* End PBXResourcesBuildPhase section */

/* Begin PBXSourcesBuildPhase section */
		0D6B06321E53F5D200D295B9 /* Sources */ = {
			isa = PBXSourcesBuildPhase;
			buildActionMask = 2147483647;
			files = (
				0D6B06411E53F5D200D295B9 /* ViewController.m in Sources */,
				0D6B063E1E53F5D200D295B9 /* AppDelegate.m in Sources */,
				0D7CF4F11E54505200C1E006 /* FirstViewController.m in Sources */,
				0D6B06531E53F7E500D295B9 /* LYSCountdown.m in Sources */,
				0D6B063B1E53F5D200D295B9 /* main.m in Sources */,
			);
			runOnlyForDeploymentPostprocessing = 0;
		};
/* End PBXSourcesBuildPhase section */

/* Begin PBXVariantGroup section */
		0D6B06421E53F5D200D295B9 /* Main.storyboard */ = {
			isa = PBXVariantGroup;
			children = (
				0D6B06431E53F5D200D295B9 /* Base */,
			);
			name = Main.storyboard;
			sourceTree = "<group>";
		};
		0D6B06471E53F5D200D295B9 /* LaunchScreen.storyboard */ = {
			isa = PBXVariantGroup;
			children = (
				0D6B06481E53F5D200D295B9 /* Base */,
			);
			name = LaunchScreen.storyboard;
			sourceTree = "<group>";
		};
/* End PBXVariantGroup section */

/* Begin XCBuildConfiguration section */
		0D6B064B1E53F5D200D295B9 /* Debug */ = {
			isa = XCBuildConfiguration;
			buildSettings = {
				ALWAYS_SEARCH_USER_PATHS = NO;
				CLANG_ANALYZER_NONNULL = YES;
				CLANG_CXX_LANGUAGE_STANDARD = "gnu++0x";
				CLANG_CXX_LIBRARY = "libc++";
				CLANG_ENABLE_MODULES = YES;
				CLANG_ENABLE_OBJC_ARC = YES;
				CLANG_WARN_BOOL_CONVERSION = YES;
				CLANG_WARN_CONSTANT_CONVERSION = YES;
				CLANG_WARN_DIRECT_OBJC_ISA_USAGE = YES_ERROR;
				CLANG_WARN_DOCUMENTATION_COMMENTS = YES;
				CLANG_WARN_EMPTY_BODY = YES;
				CLANG_WARN_ENUM_CONVERSION = YES;
				CLANG_WARN_INFINITE_RECURSION = YES;
				CLANG_WARN_INT_CONVERSION = YES;
				CLANG_WARN_OBJC_ROOT_CLASS = YES_ERROR;
				CLANG_WARN_SUSPICIOUS_MOVE = YES;
				CLANG_WARN_UNREACHABLE_CODE = YES;
				CLANG_WARN__DUPLICATE_METHOD_MATCH = YES;
				"CODE_SIGN_IDENTITY[sdk=iphoneos*]" = "iPhone Developer";
				COPY_PHASE_STRIP = NO;
				DEBUG_INFORMATION_FORMAT = dwarf;
				ENABLE_STRICT_OBJC_MSGSEND = YES;
				ENABLE_TESTABILITY = YES;
				GCC_C_LANGUAGE_STANDARD = gnu99;
				GCC_DYNAMIC_NO_PIC = NO;
				GCC_NO_COMMON_BLOCKS = YES;
				GCC_OPTIMIZATION_LEVEL = 0;
				GCC_PREPROCESSOR_DEFINITIONS = (
					"DEBUG=1",
					"$(inherited)",
				);
				GCC_WARN_64_TO_32_BIT_CONVERSION = YES;
				GCC_WARN_ABOUT_RETURN_TYPE = YES_ERROR;
				GCC_WARN_UNDECLARED_SELECTOR = YES;
				GCC_WARN_UNINITIALIZED_AUTOS = YES_AGGRESSIVE;
				GCC_WARN_UNUSED_FUNCTION = YES;
				GCC_WARN_UNUSED_VARIABLE = YES;
				IPHONEOS_DEPLOYMENT_TARGET = 10.2;
				MTL_ENABLE_DEBUG_INFO = YES;
				ONLY_ACTIVE_ARCH = YES;
				SDKROOT = iphoneos;
				TARGETED_DEVICE_FAMILY = "1,2";
			};
			name = Debug;
		};
		0D6B064C1E53F5D200D295B9 /* Release */ = {
			isa = XCBuildConfiguration;
			buildSettings = {
				ALWAYS_SEARCH_USER_PATHS = NO;
				CLANG_ANALYZER_NONNULL = YES;
				CLANG_CXX_LANGUAGE_STANDARD = "gnu++0x";
				CLANG_CXX_LIBRARY = "libc++";
				CLANG_ENABLE_MODULES = YES;
				CLANG_ENABLE_OBJC_ARC = YES;
				CLANG_WARN_BOOL_CONVERSION = YES;
				CLANG_WARN_CONSTANT_CONVERSION = YES;
				CLANG_WARN_DIRECT_OBJC_ISA_USAGE = YES_ERROR;
				CLANG_WARN_DOCUMENTATION_COMMENTS = YES;
				CLANG_WARN_EMPTY_BODY = YES;
				CLANG_WARN_ENUM_CONVERSION = YES;
				CLANG_WARN_INFINITE_RECURSION = YES;
				CLANG_WARN_INT_CONVERSION = YES;
				CLANG_WARN_OBJC_ROOT_CLASS = YES_ERROR;
				CLANG_WARN_SUSPICIOUS_MOVE = YES;
				CLANG_WARN_UNREACHABLE_CODE = YES;
				CLANG_WARN__DUPLICATE_METHOD_MATCH = YES;
				"CODE_SIGN_IDENTITY[sdk=iphoneos*]" = "iPhone Developer";
				COPY_PHASE_STRIP = NO;
				DEBUG_INFORMATION_FORMAT = "dwarf-with-dsym";
				ENABLE_NS_ASSERTIONS = NO;
				ENABLE_STRICT_OBJC_MSGSEND = YES;
				GCC_C_LANGUAGE_STANDARD = gnu99;
				GCC_NO_COMMON_BLOCKS = YES;
				GCC_WARN_64_TO_32_BIT_CONVERSION = YES;
				GCC_WARN_ABOUT_RETURN_TYPE = YES_ERROR;
				GCC_WARN_UNDECLARED_SELECTOR = YES;
				GCC_WARN_UNINITIALIZED_AUTOS = YES_AGGRESSIVE;
				GCC_WARN_UNUSED_FUNCTION = YES;
				GCC_WARN_UNUSED_VARIABLE = YES;
				IPHONEOS_DEPLOYMENT_TARGET = 10.2;
				MTL_ENABLE_DEBUG_INFO = NO;
				SDKROOT = iphoneos;
				TARGETED_DEVICE_FAMILY = "1,2";
				VALIDATE_PRODUCT = YES;
			};
			name = Release;
		};
		0D6B064E1E53F5D200D295B9 /* Debug */ = {
			isa = XCBuildConfiguration;
			buildSettings = {
				ASSETCATALOG_COMPILER_APPICON_NAME = AppIcon;
				INFOPLIST_FILE = LYSCountdown/Info.plist;
				LD_RUNPATH_SEARCH_PATHS = "$(inherited) @executable_path/Frameworks";
				PRODUCT_BUNDLE_IDENTIFIER = com.qmj.LYSCountdown;
				PRODUCT_NAME = "$(TARGET_NAME)";
			};
			name = Debug;
		};
		0D6B064F1E53F5D200D295B9 /* Release */ = {
			isa = XCBuildConfiguration;
			buildSettings = {
				ASSETCATALOG_COMPILER_APPICON_NAME = AppIcon;
				INFOPLIST_FILE = LYSCountdown/Info.plist;
				LD_RUNPATH_SEARCH_PATHS = "$(inherited) @executable_path/Frameworks";
				PRODUCT_BUNDLE_IDENTIFIER = com.qmj.LYSCountdown;
				PRODUCT_NAME = "$(TARGET_NAME)";
			};
			name = Release;
		};
/* End XCBuildConfiguration section */

/* Begin XCConfigurationList section */
		0D6B06311E53F5D200D295B9 /* Build configuration list for PBXProject "LYSCountdown" */ = {
			isa = XCConfigurationList;
			buildConfigurations = (
				0D6B064B1E53F5D200D295B9 /* Debug */,
				0D6B064C1E53F5D200D295B9 /* Release */,
			);
			defaultConfigurationIsVisible = 0;
			defaultConfigurationName = Release;
		};
		0D6B064D1E53F5D200D295B9 /* Build configuration list for PBXNativeTarget "LYSCountdown" */ = {
			isa = XCConfigurationList;
			buildConfigurations = (
				0D6B064E1E53F5D200D295B9 /* Debug */,
				0D6B064F1E53F5D200D295B9 /* Release */,
			);
			defaultConfigurationIsVisible = 0;
			defaultConfigurationName = Release;
		};
/* End XCConfigurationList section */
	};
	rootObject = 0D6B062E1E53F5D200D295B9 /* Project object */;
}
